
Microsoft Visual Studio Solution File, Format Version 12.00
# Visual Studio 14
VisualStudioVersion = 14.0.22512.0
MinimumVisualStudioVersion = 10.0.40219.1
Project("{FAE04EC0-301F-11D3-BF4B-00C04F79EFBC}") = "Logstore.Adapters.NLog", "Logstore.Adapters.NLog\Logstore.Adapters.NLog.csproj", "{7077F364-C12D-46AF-93E8-0F8E498A8978}"
EndProject
Project("{FAE04EC0-301F-11D3-BF4B-00C04F79EFBC}") = "Logstore.Adapters.NLog.Tests", "Logstore.Adapters.NLog.Tests\Logstore.Adapters.NLog.Tests.csproj", "{3D050C33-2F2D-4A01-866E-65C9C3824E0A}"
EndProject
Global
	GlobalSection(SolutionConfigurationPlatforms) = preSolution
		Debug|Any CPU = Debug|Any CPU
		Release|Any CPU = Release|Any CPU
	EndGlobalSection
	GlobalSection(ProjectConfigurationPlatforms) = postSolution
		{7077F364-C12D-46AF-93E8-0F8E498A8978}.Debug|Any CPU.ActiveCfg = Debug|Any CPU
		{7077F364-C12D-46AF-93E8-0F8E498A8978}.Debug|Any CPU.Build.0 = Debug|Any CPU
		{7077F364-C12D-46AF-93E8-0F8E498A8978}.Release|Any CPU.ActiveCfg = Release|Any CPU
		{7077F364-C12D-46AF-93E8-0F8E498A8978}.Release|Any CPU.Build.0 = Release|Any CPU
		{3D050C33-2F2D-4A01-866E-65C9C3824E0A}.Debug|Any CPU.ActiveCfg = Debug|Any CPU
		{3D050C33-2F2D-4A01-866E-65C9C3824E0A}.Debug|Any CPU.Build.0 = Debug|Any CPU
		{3D050C33-2F2D-4A01-866E-65C9C3824E0A}.Release|Any CPU.ActiveCfg = Release|Any CPU
		{3D050C33-2F2D-4A01-866E-65C9C3824E0A}.Release|Any CPU.Build.0 = Release|Any CPU
	EndGlobalSection
	GlobalSection(SolutionProperties) = preSolution
		HideSolutionNode = FALSE
	EndGlobalSection
EndGlobal
